
Microsoft Visual Studio Solution File, Format Version 12.00
# Visual Studio 15
VisualStudioVersion = 15.0.26124.0
MinimumVisualStudioVersion = 15.0.26124.0
Project("{FAE04EC0-301F-11D3-BF4B-00C04F79EFBC}") = "ReaderMan", "ReaderMan\ReaderMan.csproj", "{E42A7E52-4440-450B-80CC-F095FECA4EA1}"
EndProject
Project("{FAE04EC0-301F-11D3-BF4B-00C04F79EFBC}") = "ConsoleHost", "ConsoleHost\ConsoleHost.csproj", "{8E752E3B-0589-4B8E-AC4D-A5BBE8CFBF83}"
EndProject
Project("{FAE04EC0-301F-11D3-BF4B-00C04F79EFBC}") = "ReaderMan.Azure", "ReaderMan.Azure\ReaderMan.Azure.csproj", "{8120C74F-22D0-4486-BAFD-28574802F1B3}"
EndProject
Project("{FAE04EC0-301F-11D3-BF4B-00C04F79EFBC}") = "ReaderMan.Local", "ReaderMan.Local\ReaderMan.Local.csproj", "{5AC12F3B-590F-476A-8083-477F643D25E2}"
EndProject
Global
	GlobalSection(SolutionConfigurationPlatforms) = preSolution
		Debug|Any CPU = Debug|Any CPU
		Debug|x64 = Debug|x64
		Debug|x86 = Debug|x86
		Release|Any CPU = Release|Any CPU
		Release|x64 = Release|x64
		Release|x86 = Release|x86
	EndGlobalSection
	GlobalSection(SolutionProperties) = preSolution
		HideSolutionNode = FALSE
	EndGlobalSection
	GlobalSection(ProjectConfigurationPlatforms) = postSolution
		{E42A7E52-4440-450B-80CC-F095FECA4EA1}.Debug|Any CPU.ActiveCfg = Debug|Any CPU
		{E42A7E52-4440-450B-80CC-F095FECA4EA1}.Debug|Any CPU.Build.0 = Debug|Any CPU
		{E42A7E52-4440-450B-80CC-F095FECA4EA1}.Debug|x64.ActiveCfg = Debug|Any CPU
		{E42A7E52-4440-450B-80CC-F095FECA4EA1}.Debug|x64.Build.0 = Debug|Any CPU
		{E42A7E52-4440-450B-80CC-F095FECA4EA1}.Debug|x86.ActiveCfg = Debug|Any CPU
		{E42A7E52-4440-450B-80CC-F095FECA4EA1}.Debug|x86.Build.0 = Debug|Any CPU
		{E42A7E52-4440-450B-80CC-F095FECA4EA1}.Release|Any CPU.ActiveCfg = Release|Any CPU
		{E42A7E52-4440-450B-80CC-F095FECA4EA1}.Release|Any CPU.Build.0 = Release|Any CPU
		{E42A7E52-4440-450B-80CC-F095FECA4EA1}.Release|x64.ActiveCfg = Release|Any CPU
		{E42A7E52-4440-450B-80CC-F095FECA4EA1}.Release|x64.Build.0 = Release|Any CPU
		{E42A7E52-4440-450B-80CC-F095FECA4EA1}.Release|x86.ActiveCfg = Release|Any CPU
		{E42A7E52-4440-450B-80CC-F095FECA4EA1}.Release|x86.Build.0 = Release|Any CPU
		{8E752E3B-0589-4B8E-AC4D-A5BBE8CFBF83}.Debug|Any CPU.ActiveCfg = Debug|Any CPU
		{8E752E3B-0589-4B8E-AC4D-A5BBE8CFBF83}.Debug|Any CPU.Build.0 = Debug|Any CPU
		{8E752E3B-0589-4B8E-AC4D-A5BBE8CFBF83}.Debug|x64.ActiveCfg = Debug|Any CPU
		{8E752E3B-0589-4B8E-AC4D-A5BBE8CFBF83}.Debug|x64.Build.0 = Debug|Any CPU
		{8E752E3B-0589-4B8E-AC4D-A5BBE8CFBF83}.Debug|x86.ActiveCfg = Debug|Any CPU
		{8E752E3B-0589-4B8E-AC4D-A5BBE8CFBF83}.Debug|x86.Build.0 = Debug|Any CPU
		{8E752E3B-0589-4B8E-AC4D-A5BBE8CFBF83}.Release|Any CPU.ActiveCfg = Release|Any CPU
		{8E752E3B-0589-4B8E-AC4D-A5BBE8CFBF83}.Release|Any CPU.Build.0 = Release|Any CPU
		{8E752E3B-0589-4B8E-AC4D-A5BBE8CFBF83}.Release|x64.ActiveCfg = Release|Any CPU
		{8E752E3B-0589-4B8E-AC4D-A5BBE8CFBF83}.Release|x64.Build.0 = Release|Any CPU
		{8E752E3B-0589-4B8E-AC4D-A5BBE8CFBF83}.Release|x86.ActiveCfg = Release|Any CPU
		{8E752E3B-0589-4B8E-AC4D-A5BBE8CFBF83}.Release|x86.Build.0 = Release|Any CPU
		{8120C74F-22D0-4486-BAFD-28574802F1B3}.Debug|Any CPU.ActiveCfg = Debug|Any CPU
		{8120C74F-22D0-4486-BAFD-28574802F1B3}.Debug|Any CPU.Build.0 = Debug|Any CPU
		{8120C74F-22D0-4486-BAFD-28574802F1B3}.Debug|x64.ActiveCfg = Debug|Any CPU
		{8120C74F-22D0-4486-BAFD-28574802F1B3}.Debug|x64.Build.0 = Debug|Any CPU
		{8120C74F-22D0-4486-BAFD-28574802F1B3}.Debug|x86.ActiveCfg = Debug|Any CPU
		{8120C74F-22D0-4486-BAFD-28574802F1B3}.Debug|x86.Build.0 = Debug|Any CPU
		{8120C74F-22D0-4486-BAFD-28574802F1B3}.Release|Any CPU.ActiveCfg = Release|Any CPU
		{8120C74F-22D0-4486-BAFD-28574802F1B3}.Release|Any CPU.Build.0 = Release|Any CPU
		{8120C74F-22D0-4486-BAFD-28574802F1B3}.Release|x64.ActiveCfg = Release|Any CPU
		{8120C74F-22D0-4486-BAFD-28574802F1B3}.Release|x64.Build.0 = Release|Any CPU
		{8120C74F-22D0-4486-BAFD-28574802F1B3}.Release|x86.ActiveCfg = Release|Any CPU
		{8120C74F-22D0-4486-BAFD-28574802F1B3}.Release|x86.Build.0 = Release|Any CPU
		{5AC12F3B-590F-476A-8083-477F643D25E2}.Debug|Any CPU.ActiveCfg = Debug|Any CPU
		{5AC12F3B-590F-476A-8083-477F643D25E2}.Debug|Any CPU.Build.0 = Debug|Any CPU
		{5AC12F3B-590F-476A-8083-477F643D25E2}.Debug|x64.ActiveCfg = Debug|Any CPU
		{5AC12F3B-590F-476A-8083-477F643D25E2}.Debug|x64.Build.0 = Debug|Any CPU
		{5AC12F3B-590F-476A-8083-477F643D25E2}.Debug|x86.ActiveCfg = Debug|Any CPU
		{5AC12F3B-590F-476A-8083-477F643D25E2}.Debug|x86.Build.0 = Debug|Any CPU
		{5AC12F3B-590F-476A-8083-477F643D25E2}.Release|Any CPU.ActiveCfg = Release|Any CPU
		{5AC12F3B-590F-476A-8083-477F643D25E2}.Release|Any CPU.Build.0 = Release|Any CPU
		{5AC12F3B-590F-476A-8083-477F643D25E2}.Release|x64.ActiveCfg = Release|Any CPU
		{5AC12F3B-590F-476A-8083-477F643D25E2}.Release|x64.Build.0 = Release|Any CPU
		{5AC12F3B-590F-476A-8083-477F643D25E2}.Release|x86.ActiveCfg = Release|Any CPU
		{5AC12F3B-590F-476A-8083-477F643D25E2}.Release|x86.Build.0 = Release|Any CPU
	EndGlobalSection
EndGlobal
